
Microsoft Visual Studio Solution File, Format Version 12.00
# Visual Studio 14
VisualStudioVersion = 14.0.25123.0
MinimumVisualStudioVersion = 10.0.40219.1
Project("{FAE04EC0-301F-11D3-BF4B-00C04F79EFBC}") = "StrategyPoly", "StrategyPoly\StrategyPoly.csproj", "{CAE618FD-637C-40BB-A058-0865304E0ED0}"
EndProject
Project("{FAE04EC0-301F-11D3-BF4B-00C04F79EFBC}") = "StrategyDele", "StrategyDele\StrategyDele.csproj", "{F5ACDBBE-7054-4196-BF23-224887899025}"
EndProject
Global
	GlobalSection(SolutionConfigurationPlatforms) = preSolution
		Debug|Any CPU = Debug|Any CPU
		Release|Any CPU = Release|Any CPU
	EndGlobalSection
	GlobalSection(ProjectConfigurationPlatforms) = postSolution
		{CAE618FD-637C-40BB-A058-0865304E0ED0}.Debug|Any CPU.ActiveCfg = Debug|Any CPU
		{CAE618FD-637C-40BB-A058-0865304E0ED0}.Debug|Any CPU.Build.0 = Debug|Any CPU
		{CAE618FD-637C-40BB-A058-0865304E0ED0}.Release|Any CPU.ActiveCfg = Release|Any CPU
		{CAE618FD-637C-40BB-A058-0865304E0ED0}.Release|Any CPU.Build.0 = Release|Any CPU
		{F5ACDBBE-7054-4196-BF23-224887899025}.Debug|Any CPU.ActiveCfg = Debug|Any CPU
		{F5ACDBBE-7054-4196-BF23-224887899025}.Debug|Any CPU.Build.0 = Debug|Any CPU
		{F5ACDBBE-7054-4196-BF23-224887899025}.Release|Any CPU.ActiveCfg = Release|Any CPU
		{F5ACDBBE-7054-4196-BF23-224887899025}.Release|Any CPU.Build.0 = Release|Any CPU
	EndGlobalSection
	GlobalSection(SolutionProperties) = preSolution
		HideSolutionNode = FALSE
	EndGlobalSection
EndGlobal
